{
    "_readme": [
        "This file locks the dependencies of your project to a known state",
        "Read more about it at http://getcomposer.org/doc/01-basic-usage.md#composer-lock-the-lock-file"
    ],
    "hash": "73de5584d739cd58dda0ecd5e683e84f",
    "packages": [
        {
            "name": "antecedent/patchwork",
            "version": "dev-master",
            "source": {
                "type": "git",
                "url": "https://github.com/antecedent/patchwork.git",
                "reference": "d529ab78f7bf7c1a461a88d7073f3ca3312d1b8a"
            },
            "dist": {
                "type": "zip",
                "url": "https://api.github.com/repos/antecedent/patchwork/zipball/d529ab78f7bf7c1a461a88d7073f3ca3312d1b8a",
                "reference": "d529ab78f7bf7c1a461a88d7073f3ca3312d1b8a",
                "shasum": ""
            },
            "require": {
                "php": ">=5.3.0"
            },
            "type": "library",
            "notification-url": "https://packagist.org/downloads/",
            "license": [
                "MIT"
            ],
            "authors": [
                {
                    "name": "Ignas Rudaitis",
                    "email": "ignas.rudaitis@gmail.com"
                }
            ],
            "description": "A pure PHP library that lets you redefine user-defined functions at runtime.",
            "homepage": "http://antecedent.github.io/patchwork/",
            "keywords": [
                "monkeypatching",
                "redefinition",
                "runkit",
                "testing"
            ],
            "time": "2013-09-21 16:34:09"
        }
    ],
    "packages-dev": [

    ],
    "aliases": [

    ],
    "minimum-stability": "stable",
    "stability-flags": {
        "antecedent/patchwork": 20
    },
    "platform": [

    ],
    "platform-dev": [

    ]
}
